
Microsoft Visual Studio Solution File, Format Version 12.00
# Visual Studio Version 17
VisualStudioVersion = 17.4.33110.190
MinimumVisualStudioVersion = 10.0.40219.1
Project("{2150E333-8FDC-42A3-9474-1A3956D46DE8}") = "ControlServices.API", "ControlServices.API", "{9412FA77-54FF-43AA-8FD2-8EB348128EAB}"
EndProject
Project("{9A19103F-16F7-4668-BE54-9A1E7A4F7556}") = "ControlServices.API", "ControlServices.API\ControlServices.API.csproj", "{CD090ADE-A695-4D42-AC6E-CB74128576DD}"
EndProject
Project("{2150E333-8FDC-42A3-9474-1A3956D46DE8}") = "ControlServices.Core", "ControlServices.Core", "{F7B6B8D3-4391-4B6E-8515-687F51AB3CF7}"
EndProject
Project("{2150E333-8FDC-42A3-9474-1A3956D46DE8}") = "ControlServices.Infra", "ControlServices.Infra", "{762FB98E-B54B-46AC-A103-37C3A825253A}"
EndProject
Project("{9A19103F-16F7-4668-BE54-9A1E7A4F7556}") = "ControlServices.Core.Application", "ControlServices.Core\ControlServices.Application\ControlServices.Core.Application.csproj", "{292FC34E-1072-432D-B3AC-1806CAC9EDBF}"
EndProject
Project("{9A19103F-16F7-4668-BE54-9A1E7A4F7556}") = "ControlServices.Core.Domain", "ControlServices.Core\ControlServices.Domain\ControlServices.Core.Domain.csproj", "{ABC77D0D-8520-455C-ACEC-D772568CE494}"
EndProject
Project("{9A19103F-16F7-4668-BE54-9A1E7A4F7556}") = "ControlServices.Infra.Data", "ControlServices.Infra\ControlServices.Infra.Data\ControlServices.Infra.Data.csproj", "{13D76BCD-FE73-46CC-B260-245C859DDE4B}"
EndProject
Project("{9A19103F-16F7-4668-BE54-9A1E7A4F7556}") = "ControlServices.Infra.IoC", "ControlServices.Infra\ControlServices.Infra.IoC\ControlServices.Infra.IoC.csproj", "{35A73A29-CCD4-42B1-B275-1E64FF0CE5D2}"
EndProject
Project("{9A19103F-16F7-4668-BE54-9A1E7A4F7556}") = "ControlServices.Infra.Utils", "ControlServices.Infra\ControlServices.Infra.Utils\ControlServices.Infra.Utils.csproj", "{A98D9FCF-96B0-43C8-965D-190A647027B4}"
EndProject
Project("{9A19103F-16F7-4668-BE54-9A1E7A4F7556}") = "ControlServices.Core.Models", "ControlServices.Core\ControlServices.Models\ControlServices.Core.Models.csproj", "{84F7642F-7F22-4576-B5F2-3F89C00F8D32}"
EndProject
Project("{9A19103F-16F7-4668-BE54-9A1E7A4F7556}") = "ControlServices.Core.IContracts", "ControlServices.Core\ControlServices.Core.IContracts\ControlServices.Core.IContracts.csproj", "{2055C5E9-B362-4191-83E5-1D63C90CE9F7}"
EndProject
Project("{9A19103F-16F7-4668-BE54-9A1E7A4F7556}") = "ControlServices.Infra.Plugins", "ControlServices.Infra\ControlServices.Infra.Plugins\ControlServices.Infra.Plugins.csproj", "{6510040D-959F-4877-9F0B-EAFEF3828914}"
EndProject
Global
	GlobalSection(SolutionConfigurationPlatforms) = preSolution
		Debug|Any CPU = Debug|Any CPU
		Release|Any CPU = Release|Any CPU
	EndGlobalSection
	GlobalSection(ProjectConfigurationPlatforms) = postSolution
		{CD090ADE-A695-4D42-AC6E-CB74128576DD}.Debug|Any CPU.ActiveCfg = Debug|Any CPU
		{CD090ADE-A695-4D42-AC6E-CB74128576DD}.Debug|Any CPU.Build.0 = Debug|Any CPU
		{CD090ADE-A695-4D42-AC6E-CB74128576DD}.Release|Any CPU.ActiveCfg = Release|Any CPU
		{CD090ADE-A695-4D42-AC6E-CB74128576DD}.Release|Any CPU.Build.0 = Release|Any CPU
		{292FC34E-1072-432D-B3AC-1806CAC9EDBF}.Debug|Any CPU.ActiveCfg = Debug|Any CPU
		{292FC34E-1072-432D-B3AC-1806CAC9EDBF}.Debug|Any CPU.Build.0 = Debug|Any CPU
		{292FC34E-1072-432D-B3AC-1806CAC9EDBF}.Release|Any CPU.ActiveCfg = Release|Any CPU
		{292FC34E-1072-432D-B3AC-1806CAC9EDBF}.Release|Any CPU.Build.0 = Release|Any CPU
		{ABC77D0D-8520-455C-ACEC-D772568CE494}.Debug|Any CPU.ActiveCfg = Debug|Any CPU
		{ABC77D0D-8520-455C-ACEC-D772568CE494}.Debug|Any CPU.Build.0 = Debug|Any CPU
		{ABC77D0D-8520-455C-ACEC-D772568CE494}.Release|Any CPU.ActiveCfg = Release|Any CPU
		{ABC77D0D-8520-455C-ACEC-D772568CE494}.Release|Any CPU.Build.0 = Release|Any CPU
		{13D76BCD-FE73-46CC-B260-245C859DDE4B}.Debug|Any CPU.ActiveCfg = Debug|Any CPU
		{13D76BCD-FE73-46CC-B260-245C859DDE4B}.Debug|Any CPU.Build.0 = Debug|Any CPU
		{13D76BCD-FE73-46CC-B260-245C859DDE4B}.Release|Any CPU.ActiveCfg = Release|Any CPU
		{13D76BCD-FE73-46CC-B260-245C859DDE4B}.Release|Any CPU.Build.0 = Release|Any CPU
		{35A73A29-CCD4-42B1-B275-1E64FF0CE5D2}.Debug|Any CPU.ActiveCfg = Debug|Any CPU
		{35A73A29-CCD4-42B1-B275-1E64FF0CE5D2}.Debug|Any CPU.Build.0 = Debug|Any CPU
		{35A73A29-CCD4-42B1-B275-1E64FF0CE5D2}.Release|Any CPU.ActiveCfg = Release|Any CPU
		{35A73A29-CCD4-42B1-B275-1E64FF0CE5D2}.Release|Any CPU.Build.0 = Release|Any CPU
		{A98D9FCF-96B0-43C8-965D-190A647027B4}.Debug|Any CPU.ActiveCfg = Debug|Any CPU
		{A98D9FCF-96B0-43C8-965D-190A647027B4}.Debug|Any CPU.Build.0 = Debug|Any CPU
		{A98D9FCF-96B0-43C8-965D-190A647027B4}.Release|Any CPU.ActiveCfg = Release|Any CPU
		{A98D9FCF-96B0-43C8-965D-190A647027B4}.Release|Any CPU.Build.0 = Release|Any CPU
		{84F7642F-7F22-4576-B5F2-3F89C00F8D32}.Debug|Any CPU.ActiveCfg = Debug|Any CPU
		{84F7642F-7F22-4576-B5F2-3F89C00F8D32}.Debug|Any CPU.Build.0 = Debug|Any CPU
		{84F7642F-7F22-4576-B5F2-3F89C00F8D32}.Release|Any CPU.ActiveCfg = Release|Any CPU
		{84F7642F-7F22-4576-B5F2-3F89C00F8D32}.Release|Any CPU.Build.0 = Release|Any CPU
		{2055C5E9-B362-4191-83E5-1D63C90CE9F7}.Debug|Any CPU.ActiveCfg = Debug|Any CPU
		{2055C5E9-B362-4191-83E5-1D63C90CE9F7}.Debug|Any CPU.Build.0 = Debug|Any CPU
		{2055C5E9-B362-4191-83E5-1D63C90CE9F7}.Release|Any CPU.ActiveCfg = Release|Any CPU
		{2055C5E9-B362-4191-83E5-1D63C90CE9F7}.Release|Any CPU.Build.0 = Release|Any CPU
		{6510040D-959F-4877-9F0B-EAFEF3828914}.Debug|Any CPU.ActiveCfg = Debug|Any CPU
		{6510040D-959F-4877-9F0B-EAFEF3828914}.Debug|Any CPU.Build.0 = Debug|Any CPU
		{6510040D-959F-4877-9F0B-EAFEF3828914}.Release|Any CPU.ActiveCfg = Release|Any CPU
		{6510040D-959F-4877-9F0B-EAFEF3828914}.Release|Any CPU.Build.0 = Release|Any CPU
	EndGlobalSection
	GlobalSection(SolutionProperties) = preSolution
		HideSolutionNode = FALSE
	EndGlobalSection
	GlobalSection(NestedProjects) = preSolution
		{CD090ADE-A695-4D42-AC6E-CB74128576DD} = {9412FA77-54FF-43AA-8FD2-8EB348128EAB}
		{292FC34E-1072-432D-B3AC-1806CAC9EDBF} = {F7B6B8D3-4391-4B6E-8515-687F51AB3CF7}
		{ABC77D0D-8520-455C-ACEC-D772568CE494} = {F7B6B8D3-4391-4B6E-8515-687F51AB3CF7}
		{13D76BCD-FE73-46CC-B260-245C859DDE4B} = {762FB98E-B54B-46AC-A103-37C3A825253A}
		{35A73A29-CCD4-42B1-B275-1E64FF0CE5D2} = {762FB98E-B54B-46AC-A103-37C3A825253A}
		{A98D9FCF-96B0-43C8-965D-190A647027B4} = {762FB98E-B54B-46AC-A103-37C3A825253A}
		{84F7642F-7F22-4576-B5F2-3F89C00F8D32} = {F7B6B8D3-4391-4B6E-8515-687F51AB3CF7}
		{2055C5E9-B362-4191-83E5-1D63C90CE9F7} = {F7B6B8D3-4391-4B6E-8515-687F51AB3CF7}
		{6510040D-959F-4877-9F0B-EAFEF3828914} = {762FB98E-B54B-46AC-A103-37C3A825253A}
	EndGlobalSection
	GlobalSection(ExtensibilityGlobals) = postSolution
		RESX_NeutralResourcesLanguage = pt-BR
		SolutionGuid = {361D14A0-6B96-4598-8512-ED6D2AA1006D}
	EndGlobalSection
EndGlobal
